
Microsoft Visual Studio Solution File, Format Version 12.00
# Visual Studio Version 17
VisualStudioVersion = 17.12.35707.178
MinimumVisualStudioVersion = 10.0.40219.1
Project("{FAE04EC0-301F-11D3-BF4B-00C04F79EFBC}") = "WindowsFormsApp1", "WindowsFormsApp1.csproj", "{A7CFEF9B-0DFE-409E-A848-57BB45CB838E}"
	ProjectSection(ProjectDependencies) = postProject
		{2E14E211-9C0E-4737-A777-F9A2DADC9411} = {2E14E211-9C0E-4737-A777-F9A2DADC9411}
	EndProjectSection
EndProject
Project("{FAE04EC0-301F-11D3-BF4B-00C04F79EFBC}") = "MetierRvMedical", "..\MetierRvMedical\MetierRvMedical.csproj", "{2E14E211-9C0E-4737-A777-F9A2DADC9411}"
EndProject
Project("{FAE04EC0-301F-11D3-BF4B-00C04F79EFBC}") = "ServiceTesting", "..\ServiceTesting\ServiceTesting.csproj", "{93FCDD18-54F9-4F2C-BB74-6C00555C47A0}"
EndProject
Project("{FAE04EC0-301F-11D3-BF4B-00C04F79EFBC}") = "APIRvMedical", "..\APIRvMedical\APIRvMedical.csproj", "{7CB4CC23-1FE8-4EE4-A572-E581569D3942}"
EndProject
Global
	GlobalSection(SolutionConfigurationPlatforms) = preSolution
		Debug|Any CPU = Debug|Any CPU
		Release|Any CPU = Release|Any CPU
	EndGlobalSection
	GlobalSection(ProjectConfigurationPlatforms) = postSolution
		{A7CFEF9B-0DFE-409E-A848-57BB45CB838E}.Debug|Any CPU.ActiveCfg = Debug|Any CPU
		{A7CFEF9B-0DFE-409E-A848-57BB45CB838E}.Debug|Any CPU.Build.0 = Debug|Any CPU
		{A7CFEF9B-0DFE-409E-A848-57BB45CB838E}.Release|Any CPU.ActiveCfg = Release|Any CPU
		{A7CFEF9B-0DFE-409E-A848-57BB45CB838E}.Release|Any CPU.Build.0 = Release|Any CPU
		{2E14E211-9C0E-4737-A777-F9A2DADC9411}.Debug|Any CPU.ActiveCfg = Debug|Any CPU
		{2E14E211-9C0E-4737-A777-F9A2DADC9411}.Debug|Any CPU.Build.0 = Debug|Any CPU
		{2E14E211-9C0E-4737-A777-F9A2DADC9411}.Release|Any CPU.ActiveCfg = Release|Any CPU
		{2E14E211-9C0E-4737-A777-F9A2DADC9411}.Release|Any CPU.Build.0 = Release|Any CPU
		{93FCDD18-54F9-4F2C-BB74-6C00555C47A0}.Debug|Any CPU.ActiveCfg = Debug|Any CPU
		{93FCDD18-54F9-4F2C-BB74-6C00555C47A0}.Debug|Any CPU.Build.0 = Debug|Any CPU
		{93FCDD18-54F9-4F2C-BB74-6C00555C47A0}.Release|Any CPU.ActiveCfg = Release|Any CPU
		{93FCDD18-54F9-4F2C-BB74-6C00555C47A0}.Release|Any CPU.Build.0 = Release|Any CPU
		{7CB4CC23-1FE8-4EE4-A572-E581569D3942}.Debug|Any CPU.ActiveCfg = Debug|Any CPU
		{7CB4CC23-1FE8-4EE4-A572-E581569D3942}.Debug|Any CPU.Build.0 = Debug|Any CPU
		{7CB4CC23-1FE8-4EE4-A572-E581569D3942}.Release|Any CPU.ActiveCfg = Release|Any CPU
		{7CB4CC23-1FE8-4EE4-A572-E581569D3942}.Release|Any CPU.Build.0 = Release|Any CPU
	EndGlobalSection
	GlobalSection(SolutionProperties) = preSolution
		HideSolutionNode = FALSE
	EndGlobalSection
	GlobalSection(ExtensibilityGlobals) = postSolution
		SolutionGuid = {8B225A33-C1B4-432C-A560-D2262C17689F}
	EndGlobalSection
EndGlobal
